
Microsoft Visual Studio Solution File, Format Version 12.00
# Visual Studio Version 16
VisualStudioVersion = 16.0.30011.22
MinimumVisualStudioVersion = 10.0.40219.1
Project("{FAE04EC0-301F-11D3-BF4B-00C04F79EFBC}") = "Gelbe_Seiten_de_Crawler_WPF", "Gelbe_Seiten_de_Crawler_WPF\Gelbe_Seiten_de_Crawler_WPF.csproj", "{1E70E7AF-A3C1-478C-AA97-65AA27341DE2}"
EndProject
Global
	GlobalSection(SolutionConfigurationPlatforms) = preSolution
		Debug|Any CPU = Debug|Any CPU
		Release|Any CPU = Release|Any CPU
	EndGlobalSection
	GlobalSection(ProjectConfigurationPlatforms) = postSolution
		{1E70E7AF-A3C1-478C-AA97-65AA27341DE2}.Debug|Any CPU.ActiveCfg = Debug|Any CPU
		{1E70E7AF-A3C1-478C-AA97-65AA27341DE2}.Debug|Any CPU.Build.0 = Debug|Any CPU
		{1E70E7AF-A3C1-478C-AA97-65AA27341DE2}.Release|Any CPU.ActiveCfg = Release|Any CPU
		{1E70E7AF-A3C1-478C-AA97-65AA27341DE2}.Release|Any CPU.Build.0 = Release|Any CPU
	EndGlobalSection
	GlobalSection(SolutionProperties) = preSolution
		HideSolutionNode = FALSE
	EndGlobalSection
	GlobalSection(ExtensibilityGlobals) = postSolution
		SolutionGuid = {53E485E7-F03D-4851-8463-37F7208632D1}
	EndGlobalSection
EndGlobal
